# THIS IS AN AUTOGENERATED FILE. DO NOT EDIT THIS FILE DIRECTLY.
# yarn lockfile v1


"@types/simplemde@^1.11.7":
  version "1.11.7"
  resolved "https://registry.yarnpkg.com/@types/simplemde/-/simplemde-1.11.7.tgz#c8bd9f54ff46db7f311a989004eb5815acedf429"

codemirror-spell-checker@*:
  version "1.1.2"
  resolved "https://registry.yarnpkg.com/codemirror-spell-checker/-/codemirror-spell-checker-1.1.2.tgz#1c660f9089483ccb5113b9ba9ca19c3f4993371e"
  dependencies:
    typo-js "*"

codemirror@*:
  version "5.40.0"
  resolved "https://registry.yarnpkg.com/codemirror/-/codemirror-5.40.0.tgz#2f5ed47366e514f41349ba0fe34daaa39be4e257"

marked@*:
  version "0.5.0"
  resolved "https://registry.yarnpkg.com/marked/-/marked-0.5.0.tgz#9e590bad31584a48ff405b33ab1c0dd25172288e"

simplemde@^1.11.2:
  version "1.11.2"
  resolved "https://registry.yarnpkg.com/simplemde/-/simplemde-1.11.2.tgz#a23a35d978d2c40ef07dec008c92f070d8e080e3"
  dependencies:
    codemirror "*"
    codemirror-spell-checker "*"
    marked "*"

typo-js@*:
  version "1.0.3"
  resolved "https://registry.yarnpkg.com/typo-js/-/typo-js-1.0.3.tgz#54d8ebc7949f1a7810908b6002c6841526c99d5a"
